
Microsoft Visual Studio Solution File, Format Version 12.00
# Visual Studio Version 17
VisualStudioVersion = 17.11.35219.272
MinimumVisualStudioVersion = 10.0.40219.1
Project("{8BC9CEB8-8B4A-11D0-8D11-00A0C91BC942}") = "CSC 221 Initial Program", "CSC 221 Initial Program\CSC 221 Initial Program.vcxproj", "{65D8D63E-3D34-4F72-B0AE-4E2B8FBAD99A}"
EndProject
Global
	GlobalSection(SolutionConfigurationPlatforms) = preSolution
		Debug|x64 = Debug|x64
		Debug|x86 = Debug|x86
		Release|x64 = Release|x64
		Release|x86 = Release|x86
	EndGlobalSection
	GlobalSection(ProjectConfigurationPlatforms) = postSolution
		{65D8D63E-3D34-4F72-B0AE-4E2B8FBAD99A}.Debug|x64.ActiveCfg = Debug|x64
		{65D8D63E-3D34-4F72-B0AE-4E2B8FBAD99A}.Debug|x64.Build.0 = Debug|x64
		{65D8D63E-3D34-4F72-B0AE-4E2B8FBAD99A}.Debug|x86.ActiveCfg = Debug|Win32
		{65D8D63E-3D34-4F72-B0AE-4E2B8FBAD99A}.Debug|x86.Build.0 = Debug|Win32
		{65D8D63E-3D34-4F72-B0AE-4E2B8FBAD99A}.Release|x64.ActiveCfg = Release|x64
		{65D8D63E-3D34-4F72-B0AE-4E2B8FBAD99A}.Release|x64.Build.0 = Release|x64
		{65D8D63E-3D34-4F72-B0AE-4E2B8FBAD99A}.Release|x86.ActiveCfg = Release|Win32
		{65D8D63E-3D34-4F72-B0AE-4E2B8FBAD99A}.Release|x86.Build.0 = Release|Win32
	EndGlobalSection
	GlobalSection(SolutionProperties) = preSolution
		HideSolutionNode = FALSE
	EndGlobalSection
	GlobalSection(ExtensibilityGlobals) = postSolution
		SolutionGuid = {F04A42C6-033C-410F-90BD-7468405F7CAA}
	EndGlobalSection
EndGlobal
